
Microsoft Visual Studio Solution File, Format Version 12.00
Project("{FAE04EC0-301F-11D3-BF4B-00C04F79EFBC}") = "Taxi", "Taxi\Taxi.csproj", "{B7C8DFA9-448F-4EF0-AFCE-41C81F73EC04}"
EndProject
Project("{FAE04EC0-301F-11D3-BF4B-00C04F79EFBC}") = "Taxi.Client", "Taxi.Client\Taxi.Client.csproj", "{DEBE512E-0439-4816-990B-314DB19E85A5}"
EndProject
Global
	GlobalSection(SolutionConfigurationPlatforms) = preSolution
		Debug|Any CPU = Debug|Any CPU
		Release|Any CPU = Release|Any CPU
	EndGlobalSection
	GlobalSection(ProjectConfigurationPlatforms) = postSolution
		{B7C8DFA9-448F-4EF0-AFCE-41C81F73EC04}.Debug|Any CPU.ActiveCfg = Debug|Any CPU
		{B7C8DFA9-448F-4EF0-AFCE-41C81F73EC04}.Debug|Any CPU.Build.0 = Debug|Any CPU
		{B7C8DFA9-448F-4EF0-AFCE-41C81F73EC04}.Release|Any CPU.ActiveCfg = Release|Any CPU
		{B7C8DFA9-448F-4EF0-AFCE-41C81F73EC04}.Release|Any CPU.Build.0 = Release|Any CPU
		{DEBE512E-0439-4816-990B-314DB19E85A5}.Debug|Any CPU.ActiveCfg = Debug|Any CPU
		{DEBE512E-0439-4816-990B-314DB19E85A5}.Debug|Any CPU.Build.0 = Debug|Any CPU
		{DEBE512E-0439-4816-990B-314DB19E85A5}.Release|Any CPU.ActiveCfg = Release|Any CPU
		{DEBE512E-0439-4816-990B-314DB19E85A5}.Release|Any CPU.Build.0 = Release|Any CPU
	EndGlobalSection
EndGlobal
